// !$*UTF8*$!
{
	archiveVersion = 1;
	classes = {
	};
	objectVersion = 52;
	objects = {

/* Begin PBXBuildFile section */
		FA108B832533F336006121F1 /* SUIToDoApp.swift in Sources */ = {isa = PBXBuildFile; fileRef = FA108B822533F336006121F1 /* SUIToDoApp.swift */; };
		FA108B852533F336006121F1 /* ContentView.swift in Sources */ = {isa = PBXBuildFile; fileRef = FA108B842533F336006121F1 /* ContentView.swift */; };
		FA108B872533F339006121F1 /* Assets.xcassets in Resources */ = {isa = PBXBuildFile; fileRef = FA108B862533F339006121F1 /* Assets.xcassets */; };
		FA108B8A2533F339006121F1 /* Preview Assets.xcassets in Resources */ = {isa = PBXBuildFile; fileRef = FA108B892533F339006121F1 /* Preview Assets.xcassets */; };
		FA108B952533F339006121F1 /* SUIToDoTests.swift in Sources */ = {isa = PBXBuildFile; fileRef = FA108B942533F339006121F1 /* SUIToDoTests.swift */; };
		FA108BA02533F339006121F1 /* SUIToDoUITests.swift in Sources */ = {isa = PBXBuildFile; fileRef = FA108B9F2533F339006121F1 /* SUIToDoUITests.swift */; };
		FA108BB82533F389006121F1 /* ToDo.swift in Sources */ = {isa = PBXBuildFile; fileRef = FA108BB72533F389006121F1 /* ToDo.swift */; };
		FA108BC72533F3BB006121F1 /* ToDoTests.swift in Sources */ = {isa = PBXBuildFile; fileRef = FA108BC62533F3BB006121F1 /* ToDoTests.swift */; };
		FA108BDF2533F534006121F1 /* Quick in Frameworks */ = {isa = PBXBuildFile; productRef = FA108BDE2533F534006121F1 /* Quick */; };
		FA108BEB2533F6E0006121F1 /* Nimble in Frameworks */ = {isa = PBXBuildFile; productRef = FA108BEA2533F6E0006121F1 /* Nimble */; };
		FA108BF02533FA1A006121F1 /* ToDoListScreen.swift in Sources */ = {isa = PBXBuildFile; fileRef = FA108BEF2533FA1A006121F1 /* ToDoListScreen.swift */; };
		FA108BF52533FA25006121F1 /* CreateToDoScreen.swift in Sources */ = {isa = PBXBuildFile; fileRef = FA108BF42533FA25006121F1 /* CreateToDoScreen.swift */; };
		FA108BFE253400CC006121F1 /* ToDoView.swift in Sources */ = {isa = PBXBuildFile; fileRef = FA108BFD253400CC006121F1 /* ToDoView.swift */; };
		FA108C0625340380006121F1 /* ToDoListViewModel.swift in Sources */ = {isa = PBXBuildFile; fileRef = FA108C0525340380006121F1 /* ToDoListViewModel.swift */; };
		FA108C0B25340441006121F1 /* AsyncState.swift in Sources */ = {isa = PBXBuildFile; fileRef = FA108C0A25340441006121F1 /* AsyncState.swift */; };
		FA108C1025341580006121F1 /* Networking.swift in Sources */ = {isa = PBXBuildFile; fileRef = FA108C0F25341580006121F1 /* Networking.swift */; };
		FA108C19253415E2006121F1 /* GetToDosRequest.swift in Sources */ = {isa = PBXBuildFile; fileRef = FA108C18253415E2006121F1 /* GetToDosRequest.swift */; };
		FA108C2425341A3C006121F1 /* Error.swift in Sources */ = {isa = PBXBuildFile; fileRef = FA108C2325341A3C006121F1 /* Error.swift */; };
		FAEF8A6E2534A840007D4CA9 /* CreateToDoRequest.swift in Sources */ = {isa = PBXBuildFile; fileRef = FAEF8A6D2534A840007D4CA9 /* CreateToDoRequest.swift */; };
		FAEF8A732534A8E0007D4CA9 /* Codable+JSON.swift in Sources */ = {isa = PBXBuildFile; fileRef = FAEF8A722534A8E0007D4CA9 /* Codable+JSON.swift */; };
		FAEF8A782534B3F2007D4CA9 /* CreateToDoViewModel.swift in Sources */ = {isa = PBXBuildFile; fileRef = FAEF8A772534B3F2007D4CA9 /* CreateToDoViewModel.swift */; };
		FAEF8A7D2534E8B8007D4CA9 /* SwiftUIWireframe.swift in Sources */ = {isa = PBXBuildFile; fileRef = FAEF8A7C2534E8B8007D4CA9 /* SwiftUIWireframe.swift */; };
		FAEF8A822534F532007D4CA9 /* DeleteToDoRequest.swift in Sources */ = {isa = PBXBuildFile; fileRef = FAEF8A812534F532007D4CA9 /* DeleteToDoRequest.swift */; };
		FAEF8A8725350B88007D4CA9 /* UpdateToDoRequest.swift in Sources */ = {isa = PBXBuildFile; fileRef = FAEF8A8625350B88007D4CA9 /* UpdateToDoRequest.swift */; };
		FAEF8A8C2535123B007D4CA9 /* ToDoViewModel.swift in Sources */ = {isa = PBXBuildFile; fileRef = FAEF8A8B2535123B007D4CA9 /* ToDoViewModel.swift */; };
/* End PBXBuildFile section */

/* Begin PBXContainerItemProxy section */
		FA108B912533F339006121F1 /* PBXContainerItemProxy */ = {
			isa = PBXContainerItemProxy;
			containerPortal = FA108B772533F336006121F1 /* Project object */;
			proxyType = 1;
			remoteGlobalIDString = FA108B7E2533F336006121F1;
			remoteInfo = SUIToDo;
		};
		FA108B9C2533F339006121F1 /* PBXContainerItemProxy */ = {
			isa = PBXContainerItemProxy;
			containerPortal = FA108B772533F336006121F1 /* Project object */;
			proxyType = 1;
			remoteGlobalIDString = FA108B7E2533F336006121F1;
			remoteInfo = SUIToDo;
		};
/* End PBXContainerItemProxy section */

/* Begin PBXFileReference section */
		FA108B7F2533F336006121F1 /* SUIToDo.app */ = {isa = PBXFileReference; explicitFileType = wrapper.application; includeInIndex = 0; path = SUIToDo.app; sourceTree = BUILT_PRODUCTS_DIR; };
		FA108B822533F336006121F1 /* SUIToDoApp.swift */ = {isa = PBXFileReference; lastKnownFileType = sourcecode.swift; path = SUIToDoApp.swift; sourceTree = "<group>"; };
		FA108B842533F336006121F1 /* ContentView.swift */ = {isa = PBXFileReference; lastKnownFileType = sourcecode.swift; path = ContentView.swift; sourceTree = "<group>"; };
		FA108B862533F339006121F1 /* Assets.xcassets */ = {isa = PBXFileReference; lastKnownFileType = folder.assetcatalog; path = Assets.xcassets; sourceTree = "<group>"; };
		FA108B892533F339006121F1 /* Preview Assets.xcassets */ = {isa = PBXFileReference; lastKnownFileType = folder.assetcatalog; path = "Preview Assets.xcassets"; sourceTree = "<group>"; };
		FA108B8B2533F339006121F1 /* Info.plist */ = {isa = PBXFileReference; lastKnownFileType = text.plist.xml; path = Info.plist; sourceTree = "<group>"; };
		FA108B902533F339006121F1 /* SUIToDoTests.xctest */ = {isa = PBXFileReference; explicitFileType = wrapper.cfbundle; includeInIndex = 0; path = SUIToDoTests.xctest; sourceTree = BUILT_PRODUCTS_DIR; };
		FA108B942533F339006121F1 /* SUIToDoTests.swift */ = {isa = PBXFileReference; lastKnownFileType = sourcecode.swift; path = SUIToDoTests.swift; sourceTree = "<group>"; };
		FA108B962533F339006121F1 /* Info.plist */ = {isa = PBXFileReference; lastKnownFileType = text.plist.xml; path = Info.plist; sourceTree = "<group>"; };
		FA108B9B2533F339006121F1 /* SUIToDoUITests.xctest */ = {isa = PBXFileReference; explicitFileType = wrapper.cfbundle; includeInIndex = 0; path = SUIToDoUITests.xctest; sourceTree = BUILT_PRODUCTS_DIR; };
		FA108B9F2533F339006121F1 /* SUIToDoUITests.swift */ = {isa = PBXFileReference; lastKnownFileType = sourcecode.swift; path = SUIToDoUITests.swift; sourceTree = "<group>"; };
		FA108BA12533F339006121F1 /* Info.plist */ = {isa = PBXFileReference; lastKnownFileType = text.plist.xml; path = Info.plist; sourceTree = "<group>"; };
		FA108BB72533F389006121F1 /* ToDo.swift */ = {isa = PBXFileReference; lastKnownFileType = sourcecode.swift; path = ToDo.swift; sourceTree = "<group>"; };
		FA108BC62533F3BB006121F1 /* ToDoTests.swift */ = {isa = PBXFileReference; lastKnownFileType = sourcecode.swift; path = ToDoTests.swift; sourceTree = "<group>"; };
		FA108BEF2533FA1A006121F1 /* ToDoListScreen.swift */ = {isa = PBXFileReference; lastKnownFileType = sourcecode.swift; path = ToDoListScreen.swift; sourceTree = "<group>"; };
		FA108BF42533FA25006121F1 /* CreateToDoScreen.swift */ = {isa = PBXFileReference; lastKnownFileType = sourcecode.swift; path = CreateToDoScreen.swift; sourceTree = "<group>"; };
		FA108BFD253400CC006121F1 /* ToDoView.swift */ = {isa = PBXFileReference; lastKnownFileType = sourcecode.swift; path = ToDoView.swift; sourceTree = "<group>"; };
		FA108C0525340380006121F1 /* ToDoListViewModel.swift */ = {isa = PBXFileReference; lastKnownFileType = sourcecode.swift; path = ToDoListViewModel.swift; sourceTree = "<group>"; };
		FA108C0A25340441006121F1 /* AsyncState.swift */ = {isa = PBXFileReference; lastKnownFileType = sourcecode.swift; path = AsyncState.swift; sourceTree = "<group>"; };
		FA108C0F25341580006121F1 /* Networking.swift */ = {isa = PBXFileReference; lastKnownFileType = sourcecode.swift; path = Networking.swift; sourceTree = "<group>"; };
		FA108C18253415E2006121F1 /* GetToDosRequest.swift */ = {isa = PBXFileReference; lastKnownFileType = sourcecode.swift; path = GetToDosRequest.swift; sourceTree = "<group>"; };
		FA108C2325341A3C006121F1 /* Error.swift */ = {isa = PBXFileReference; lastKnownFileType = sourcecode.swift; path = Error.swift; sourceTree = "<group>"; };
		FAEF8A6D2534A840007D4CA9 /* CreateToDoRequest.swift */ = {isa = PBXFileReference; lastKnownFileType = sourcecode.swift; path = CreateToDoRequest.swift; sourceTree = "<group>"; };
		FAEF8A722534A8E0007D4CA9 /* Codable+JSON.swift */ = {isa = PBXFileReference; lastKnownFileType = sourcecode.swift; path = "Codable+JSON.swift"; sourceTree = "<group>"; };
		FAEF8A772534B3F2007D4CA9 /* CreateToDoViewModel.swift */ = {isa = PBXFileReference; lastKnownFileType = sourcecode.swift; path = CreateToDoViewModel.swift; sourceTree = "<group>"; };
		FAEF8A7C2534E8B8007D4CA9 /* SwiftUIWireframe.swift */ = {isa = PBXFileReference; lastKnownFileType = sourcecode.swift; path = SwiftUIWireframe.swift; sourceTree = "<group>"; };
		FAEF8A812534F532007D4CA9 /* DeleteToDoRequest.swift */ = {isa = PBXFileReference; lastKnownFileType = sourcecode.swift; path = DeleteToDoRequest.swift; sourceTree = "<group>"; };
		FAEF8A8625350B88007D4CA9 /* UpdateToDoRequest.swift */ = {isa = PBXFileReference; lastKnownFileType = sourcecode.swift; path = UpdateToDoRequest.swift; sourceTree = "<group>"; };
		FAEF8A8B2535123B007D4CA9 /* ToDoViewModel.swift */ = {isa = PBXFileReference; lastKnownFileType = sourcecode.swift; path = ToDoViewModel.swift; sourceTree = "<group>"; };
/* End PBXFileReference section */

/* Begin PBXFrameworksBuildPhase section */
		FA108B7C2533F336006121F1 /* Frameworks */ = {
			isa = PBXFrameworksBuildPhase;
			buildActionMask = 2147483647;
			files = (
			);
			runOnlyForDeploymentPostprocessing = 0;
		};
		FA108B8D2533F339006121F1 /* Frameworks */ = {
			isa = PBXFrameworksBuildPhase;
			buildActionMask = 2147483647;
			files = (
				FA108BDF2533F534006121F1 /* Quick in Frameworks */,
				FA108BEB2533F6E0006121F1 /* Nimble in Frameworks */,
			);
			runOnlyForDeploymentPostprocessing = 0;
		};
		FA108B982533F339006121F1 /* Frameworks */ = {
			isa = PBXFrameworksBuildPhase;
			buildActionMask = 2147483647;
			files = (
			);
			runOnlyForDeploymentPostprocessing = 0;
		};
/* End PBXFrameworksBuildPhase section */

/* Begin PBXGroup section */
		FA108B762533F336006121F1 = {
			isa = PBXGroup;
			children = (
				FA108B812533F336006121F1 /* SUIToDo */,
				FA108B932533F339006121F1 /* SUIToDoTests */,
				FA108B9E2533F339006121F1 /* SUIToDoUITests */,
				FA108B802533F336006121F1 /* Products */,
			);
			sourceTree = "<group>";
		};
		FA108B802533F336006121F1 /* Products */ = {
			isa = PBXGroup;
			children = (
				FA108B7F2533F336006121F1 /* SUIToDo.app */,
				FA108B902533F339006121F1 /* SUIToDoTests.xctest */,
				FA108B9B2533F339006121F1 /* SUIToDoUITests.xctest */,
			);
			name = Products;
			sourceTree = "<group>";
		};
		FA108B812533F336006121F1 /* SUIToDo */ = {
			isa = PBXGroup;
			children = (
				FA108BB42533F35D006121F1 /* Networking */,
				FA108BB32533F35A006121F1 /* Model */,
				FA108BB62533F37B006121F1 /* Utils */,
				FA108BB52533F372006121F1 /* Components */,
				FA108BB02533F344006121F1 /* Application */,
				FA108B822533F336006121F1 /* SUIToDoApp.swift */,
				FA108B842533F336006121F1 /* ContentView.swift */,
				FA108B862533F339006121F1 /* Assets.xcassets */,
				FA108B8B2533F339006121F1 /* Info.plist */,
				FA108B882533F339006121F1 /* Preview Content */,
			);
			path = SUIToDo;
			sourceTree = "<group>";
		};
		FA108B882533F339006121F1 /* Preview Content */ = {
			isa = PBXGroup;
			children = (
				FA108B892533F339006121F1 /* Preview Assets.xcassets */,
			);
			path = "Preview Content";
			sourceTree = "<group>";
		};
		FA108B932533F339006121F1 /* SUIToDoTests */ = {
			isa = PBXGroup;
			children = (
				FA108BC52533F3AC006121F1 /* Networking */,
				FA108BC42533F3A8006121F1 /* Models */,
				FA108BC32533F3A4006121F1 /* Utils */,
				FA108BC22533F3A0006121F1 /* Components */,
				FA108BBF2533F38D006121F1 /* Application */,
				FA108B942533F339006121F1 /* SUIToDoTests.swift */,
				FA108B962533F339006121F1 /* Info.plist */,
			);
			path = SUIToDoTests;
			sourceTree = "<group>";
		};
		FA108B9E2533F339006121F1 /* SUIToDoUITests */ = {
			isa = PBXGroup;
			children = (
				FA108B9F2533F339006121F1 /* SUIToDoUITests.swift */,
				FA108BA12533F339006121F1 /* Info.plist */,
			);
			path = SUIToDoUITests;
			sourceTree = "<group>";
		};
		FA108BB02533F344006121F1 /* Application */ = {
			isa = PBXGroup;
			children = (
				FA108BB12533F349006121F1 /* ToDoList */,
				FA108BB22533F34E006121F1 /* CreateToDo */,
			);
			path = Application;
			sourceTree = "<group>";
		};
		FA108BB12533F349006121F1 /* ToDoList */ = {
			isa = PBXGroup;
			children = (
				FA108BFC253400C1006121F1 /* Components */,
				FA108BEF2533FA1A006121F1 /* ToDoListScreen.swift */,
				FA108C0525340380006121F1 /* ToDoListViewModel.swift */,
			);
			path = ToDoList;
			sourceTree = "<group>";
		};
		FA108BB22533F34E006121F1 /* CreateToDo */ = {
			isa = PBXGroup;
			children = (
				FA108BF42533FA25006121F1 /* CreateToDoScreen.swift */,
				FAEF8A772534B3F2007D4CA9 /* CreateToDoViewModel.swift */,
			);
			path = CreateToDo;
			sourceTree = "<group>";
		};
		FA108BB32533F35A006121F1 /* Model */ = {
			isa = PBXGroup;
			children = (
				FA108BB72533F389006121F1 /* ToDo.swift */,
			);
			path = Model;
			sourceTree = "<group>";
		};
		FA108BB42533F35D006121F1 /* Networking */ = {
			isa = PBXGroup;
			children = (
				FA108C17253415D4006121F1 /* Requests */,
				FA108C0F25341580006121F1 /* Networking.swift */,
			);
			path = Networking;
			sourceTree = "<group>";
		};
		FA108BB52533F372006121F1 /* Components */ = {
			isa = PBXGroup;
			children = (
			);
			path = Components;
			sourceTree = "<group>";
		};
		FA108BB62533F37B006121F1 /* Utils */ = {
			isa = PBXGroup;
			children = (
				FA108C0A25340441006121F1 /* AsyncState.swift */,
				FA108C2325341A3C006121F1 /* Error.swift */,
				FAEF8A722534A8E0007D4CA9 /* Codable+JSON.swift */,
				FAEF8A7C2534E8B8007D4CA9 /* SwiftUIWireframe.swift */,
			);
			path = Utils;
			sourceTree = "<group>";
		};
		FA108BBF2533F38D006121F1 /* Application */ = {
			isa = PBXGroup;
			children = (
				FA108BC12533F39B006121F1 /* ToDoList */,
				FA108BC02533F394006121F1 /* CreateToDo */,
			);
			path = Application;
			sourceTree = "<group>";
		};
		FA108BC02533F394006121F1 /* CreateToDo */ = {
			isa = PBXGroup;
			children = (
			);
			path = CreateToDo;
			sourceTree = "<group>";
		};
		FA108BC12533F39B006121F1 /* ToDoList */ = {
			isa = PBXGroup;
			children = (
			);
			path = ToDoList;
			sourceTree = "<group>";
		};
		FA108BC22533F3A0006121F1 /* Components */ = {
			isa = PBXGroup;
			children = (
			);
			path = Components;
			sourceTree = "<group>";
		};
		FA108BC32533F3A4006121F1 /* Utils */ = {
			isa = PBXGroup;
			children = (
			);
			path = Utils;
			sourceTree = "<group>";
		};
		FA108BC42533F3A8006121F1 /* Models */ = {
			isa = PBXGroup;
			children = (
				FA108BC62533F3BB006121F1 /* ToDoTests.swift */,
			);
			path = Models;
			sourceTree = "<group>";
		};
		FA108BC52533F3AC006121F1 /* Networking */ = {
			isa = PBXGroup;
			children = (
			);
			path = Networking;
			sourceTree = "<group>";
		};
		FA108BFC253400C1006121F1 /* Components */ = {
			isa = PBXGroup;
			children = (
				FA108BFD253400CC006121F1 /* ToDoView.swift */,
				FAEF8A8B2535123B007D4CA9 /* ToDoViewModel.swift */,
			);
			path = Components;
			sourceTree = "<group>";
		};
		FA108C17253415D4006121F1 /* Requests */ = {
			isa = PBXGroup;
			children = (
				FA108C18253415E2006121F1 /* GetToDosRequest.swift */,
				FAEF8A6D2534A840007D4CA9 /* CreateToDoRequest.swift */,
				FAEF8A812534F532007D4CA9 /* DeleteToDoRequest.swift */,
				FAEF8A8625350B88007D4CA9 /* UpdateToDoRequest.swift */,
			);
			path = Requests;
			sourceTree = "<group>";
		};
/* End PBXGroup section */

/* Begin PBXNativeTarget section */
		FA108B7E2533F336006121F1 /* SUIToDo */ = {
			isa = PBXNativeTarget;
			buildConfigurationList = FA108BA42533F339006121F1 /* Build configuration list for PBXNativeTarget "SUIToDo" */;
			buildPhases = (
				FA108B7B2533F336006121F1 /* Sources */,
				FA108B7C2533F336006121F1 /* Frameworks */,
				FA108B7D2533F336006121F1 /* Resources */,
			);
			buildRules = (
			);
			dependencies = (
			);
			name = SUIToDo;
			packageProductDependencies = (
			);
			productName = SUIToDo;
			productReference = FA108B7F2533F336006121F1 /* SUIToDo.app */;
			productType = "com.apple.product-type.application";
		};
		FA108B8F2533F339006121F1 /* SUIToDoTests */ = {
			isa = PBXNativeTarget;
			buildConfigurationList = FA108BA72533F339006121F1 /* Build configuration list for PBXNativeTarget "SUIToDoTests" */;
			buildPhases = (
				FA108B8C2533F339006121F1 /* Sources */,
				FA108B8D2533F339006121F1 /* Frameworks */,
				FA108B8E2533F339006121F1 /* Resources */,
			);
			buildRules = (
			);
			dependencies = (
				FA108B922533F339006121F1 /* PBXTargetDependency */,
			);
			name = SUIToDoTests;
			packageProductDependencies = (
				FA108BDE2533F534006121F1 /* Quick */,
				FA108BEA2533F6E0006121F1 /* Nimble */,
			);
			productName = SUIToDoTests;
			productReference = FA108B902533F339006121F1 /* SUIToDoTests.xctest */;
			productType = "com.apple.product-type.bundle.unit-test";
		};
		FA108B9A2533F339006121F1 /* SUIToDoUITests */ = {
			isa = PBXNativeTarget;
			buildConfigurationList = FA108BAA2533F339006121F1 /* Build configuration list for PBXNativeTarget "SUIToDoUITests" */;
			buildPhases = (
				FA108B972533F339006121F1 /* Sources */,
				FA108B982533F339006121F1 /* Frameworks */,
				FA108B992533F339006121F1 /* Resources */,
			);
			buildRules = (
			);
			dependencies = (
				FA108B9D2533F339006121F1 /* PBXTargetDependency */,
			);
			name = SUIToDoUITests;
			productName = SUIToDoUITests;
			productReference = FA108B9B2533F339006121F1 /* SUIToDoUITests.xctest */;
			productType = "com.apple.product-type.bundle.ui-testing";
		};
/* End PBXNativeTarget section */

/* Begin PBXProject section */
		FA108B772533F336006121F1 /* Project object */ = {
			isa = PBXProject;
			attributes = {
				LastSwiftUpdateCheck = 1200;
				LastUpgradeCheck = 1200;
				TargetAttributes = {
					FA108B7E2533F336006121F1 = {
						CreatedOnToolsVersion = 12.0.1;
					};
					FA108B8F2533F339006121F1 = {
						CreatedOnToolsVersion = 12.0.1;
						TestTargetID = FA108B7E2533F336006121F1;
					};
					FA108B9A2533F339006121F1 = {
						CreatedOnToolsVersion = 12.0.1;
						TestTargetID = FA108B7E2533F336006121F1;
					};
				};
			};
			buildConfigurationList = FA108B7A2533F336006121F1 /* Build configuration list for PBXProject "SUIToDo" */;
			compatibilityVersion = "Xcode 9.3";
			developmentRegion = en;
			hasScannedForEncodings = 0;
			knownRegions = (
				en,
				Base,
			);
			mainGroup = FA108B762533F336006121F1;
			packageReferences = (
				FA108BDD2533F534006121F1 /* XCRemoteSwiftPackageReference "Quick" */,
				FA108BE92533F6E0006121F1 /* XCRemoteSwiftPackageReference "Nimble" */,
			);
			productRefGroup = FA108B802533F336006121F1 /* Products */;
			projectDirPath = "";
			projectRoot = "";
			targets = (
				FA108B7E2533F336006121F1 /* SUIToDo */,
				FA108B8F2533F339006121F1 /* SUIToDoTests */,
				FA108B9A2533F339006121F1 /* SUIToDoUITests */,
			);
		};
/* End PBXProject section */

/* Begin PBXResourcesBuildPhase section */
		FA108B7D2533F336006121F1 /* Resources */ = {
			isa = PBXResourcesBuildPhase;
			buildActionMask = 2147483647;
			files = (
				FA108B8A2533F339006121F1 /* Preview Assets.xcassets in Resources */,
				FA108B872533F339006121F1 /* Assets.xcassets in Resources */,
			);
			runOnlyForDeploymentPostprocessing = 0;
		};
		FA108B8E2533F339006121F1 /* Resources */ = {
			isa = PBXResourcesBuildPhase;
			buildActionMask = 2147483647;
			files = (
			);
			runOnlyForDeploymentPostprocessing = 0;
		};
		FA108B992533F339006121F1 /* Resources */ = {
			isa = PBXResourcesBuildPhase;
			buildActionMask = 2147483647;
			files = (
			);
			runOnlyForDeploymentPostprocessing = 0;
		};
/* End PBXResourcesBuildPhase section */

/* Begin PBXSourcesBuildPhase section */
		FA108B7B2533F336006121F1 /* Sources */ = {
			isa = PBXSourcesBuildPhase;
			buildActionMask = 2147483647;
			files = (
				FAEF8A8C2535123B007D4CA9 /* ToDoViewModel.swift in Sources */,
				FA108C0625340380006121F1 /* ToDoListViewModel.swift in Sources */,
				FA108BB82533F389006121F1 /* ToDo.swift in Sources */,
				FA108C0B25340441006121F1 /* AsyncState.swift in Sources */,
				FAEF8A822534F532007D4CA9 /* DeleteToDoRequest.swift in Sources */,
				FA108C2425341A3C006121F1 /* Error.swift in Sources */,
				FAEF8A8725350B88007D4CA9 /* UpdateToDoRequest.swift in Sources */,
				FAEF8A732534A8E0007D4CA9 /* Codable+JSON.swift in Sources */,
				FA108BF52533FA25006121F1 /* CreateToDoScreen.swift in Sources */,
				FA108B852533F336006121F1 /* ContentView.swift in Sources */,
				FA108B832533F336006121F1 /* SUIToDoApp.swift in Sources */,
				FAEF8A782534B3F2007D4CA9 /* CreateToDoViewModel.swift in Sources */,
				FAEF8A6E2534A840007D4CA9 /* CreateToDoRequest.swift in Sources */,
				FA108C19253415E2006121F1 /* GetToDosRequest.swift in Sources */,
				FA108BFE253400CC006121F1 /* ToDoView.swift in Sources */,
				FA108BF02533FA1A006121F1 /* ToDoListScreen.swift in Sources */,
				FAEF8A7D2534E8B8007D4CA9 /* SwiftUIWireframe.swift in Sources */,
				FA108C1025341580006121F1 /* Networking.swift in Sources */,
			);
			runOnlyForDeploymentPostprocessing = 0;
		};
		FA108B8C2533F339006121F1 /* Sources */ = {
			isa = PBXSourcesBuildPhase;
			buildActionMask = 2147483647;
			files = (
				FA108B952533F339006121F1 /* SUIToDoTests.swift in Sources */,
				FA108BC72533F3BB006121F1 /* ToDoTests.swift in Sources */,
			);
			runOnlyForDeploymentPostprocessing = 0;
		};
		FA108B972533F339006121F1 /* Sources */ = {
			isa = PBXSourcesBuildPhase;
			buildActionMask = 2147483647;
			files = (
				FA108BA02533F339006121F1 /* SUIToDoUITests.swift in Sources */,
			);
			runOnlyForDeploymentPostprocessing = 0;
		};
/* End PBXSourcesBuildPhase section */

/* Begin PBXTargetDependency section */
		FA108B922533F339006121F1 /* PBXTargetDependency */ = {
			isa = PBXTargetDependency;
			target = FA108B7E2533F336006121F1 /* SUIToDo */;
			targetProxy = FA108B912533F339006121F1 /* PBXContainerItemProxy */;
		};
		FA108B9D2533F339006121F1 /* PBXTargetDependency */ = {
			isa = PBXTargetDependency;
			target = FA108B7E2533F336006121F1 /* SUIToDo */;
			targetProxy = FA108B9C2533F339006121F1 /* PBXContainerItemProxy */;
		};
/* End PBXTargetDependency section */

/* Begin XCBuildConfiguration section */
		FA108BA22533F339006121F1 /* Debug */ = {
			isa = XCBuildConfiguration;
			buildSettings = {
				ALWAYS_SEARCH_USER_PATHS = NO;
				CLANG_ANALYZER_NONNULL = YES;
				CLANG_ANALYZER_NUMBER_OBJECT_CONVERSION = YES_AGGRESSIVE;
				CLANG_CXX_LANGUAGE_STANDARD = "gnu++14";
				CLANG_CXX_LIBRARY = "libc++";
				CLANG_ENABLE_MODULES = YES;
				CLANG_ENABLE_OBJC_ARC = YES;
				CLANG_ENABLE_OBJC_WEAK = YES;
				CLANG_WARN_BLOCK_CAPTURE_AUTORELEASING = YES;
				CLANG_WARN_BOOL_CONVERSION = YES;
				CLANG_WARN_COMMA = YES;
				CLANG_WARN_CONSTANT_CONVERSION = YES;
				CLANG_WARN_DEPRECATED_OBJC_IMPLEMENTATIONS = YES;
				CLANG_WARN_DIRECT_OBJC_ISA_USAGE = YES_ERROR;
				CLANG_WARN_DOCUMENTATION_COMMENTS = YES;
				CLANG_WARN_EMPTY_BODY = YES;
				CLANG_WARN_ENUM_CONVERSION = YES;
				CLANG_WARN_INFINITE_RECURSION = YES;
				CLANG_WARN_INT_CONVERSION = YES;
				CLANG_WARN_NON_LITERAL_NULL_CONVERSION = YES;
				CLANG_WARN_OBJC_IMPLICIT_RETAIN_SELF = YES;
				CLANG_WARN_OBJC_LITERAL_CONVERSION = YES;
				CLANG_WARN_OBJC_ROOT_CLASS = YES_ERROR;
				CLANG_WARN_QUOTED_INCLUDE_IN_FRAMEWORK_HEADER = YES;
				CLANG_WARN_RANGE_LOOP_ANALYSIS = YES;
				CLANG_WARN_STRICT_PROTOTYPES = YES;
				CLANG_WARN_SUSPICIOUS_MOVE = YES;
				CLANG_WARN_UNGUARDED_AVAILABILITY = YES_AGGRESSIVE;
				CLANG_WARN_UNREACHABLE_CODE = YES;
				CLANG_WARN__DUPLICATE_METHOD_MATCH = YES;
				COPY_PHASE_STRIP = NO;
				DEBUG_INFORMATION_FORMAT = dwarf;
				ENABLE_STRICT_OBJC_MSGSEND = YES;
				ENABLE_TESTABILITY = YES;
				GCC_C_LANGUAGE_STANDARD = gnu11;
				GCC_DYNAMIC_NO_PIC = NO;
				GCC_NO_COMMON_BLOCKS = YES;
				GCC_OPTIMIZATION_LEVEL = 0;
				GCC_PREPROCESSOR_DEFINITIONS = (
					"DEBUG=1",
					"$(inherited)",
				);
				GCC_WARN_64_TO_32_BIT_CONVERSION = YES;
				GCC_WARN_ABOUT_RETURN_TYPE = YES_ERROR;
				GCC_WARN_UNDECLARED_SELECTOR = YES;
				GCC_WARN_UNINITIALIZED_AUTOS = YES_AGGRESSIVE;
				GCC_WARN_UNUSED_FUNCTION = YES;
				GCC_WARN_UNUSED_VARIABLE = YES;
				IPHONEOS_DEPLOYMENT_TARGET = 14.0;
				MTL_ENABLE_DEBUG_INFO = INCLUDE_SOURCE;
				MTL_FAST_MATH = YES;
				ONLY_ACTIVE_ARCH = YES;
				SDKROOT = iphoneos;
				SWIFT_ACTIVE_COMPILATION_CONDITIONS = DEBUG;
				SWIFT_OPTIMIZATION_LEVEL = "-Onone";
			};
			name = Debug;
		};
		FA108BA32533F339006121F1 /* Release */ = {
			isa = XCBuildConfiguration;
			buildSettings = {
				ALWAYS_SEARCH_USER_PATHS = NO;
				CLANG_ANALYZER_NONNULL = YES;
				CLANG_ANALYZER_NUMBER_OBJECT_CONVERSION = YES_AGGRESSIVE;
				CLANG_CXX_LANGUAGE_STANDARD = "gnu++14";
				CLANG_CXX_LIBRARY = "libc++";
				CLANG_ENABLE_MODULES = YES;
				CLANG_ENABLE_OBJC_ARC = YES;
				CLANG_ENABLE_OBJC_WEAK = YES;
				CLANG_WARN_BLOCK_CAPTURE_AUTORELEASING = YES;
				CLANG_WARN_BOOL_CONVERSION = YES;
				CLANG_WARN_COMMA = YES;
				CLANG_WARN_CONSTANT_CONVERSION = YES;
				CLANG_WARN_DEPRECATED_OBJC_IMPLEMENTATIONS = YES;
				CLANG_WARN_DIRECT_OBJC_ISA_USAGE = YES_ERROR;
				CLANG_WARN_DOCUMENTATION_COMMENTS = YES;
				CLANG_WARN_EMPTY_BODY = YES;
				CLANG_WARN_ENUM_CONVERSION = YES;
				CLANG_WARN_INFINITE_RECURSION = YES;
				CLANG_WARN_INT_CONVERSION = YES;
				CLANG_WARN_NON_LITERAL_NULL_CONVERSION = YES;
				CLANG_WARN_OBJC_IMPLICIT_RETAIN_SELF = YES;
				CLANG_WARN_OBJC_LITERAL_CONVERSION = YES;
				CLANG_WARN_OBJC_ROOT_CLASS = YES_ERROR;
				CLANG_WARN_QUOTED_INCLUDE_IN_FRAMEWORK_HEADER = YES;
				CLANG_WARN_RANGE_LOOP_ANALYSIS = YES;
				CLANG_WARN_STRICT_PROTOTYPES = YES;
				CLANG_WARN_SUSPICIOUS_MOVE = YES;
				CLANG_WARN_UNGUARDED_AVAILABILITY = YES_AGGRESSIVE;
				CLANG_WARN_UNREACHABLE_CODE = YES;
				CLANG_WARN__DUPLICATE_METHOD_MATCH = YES;
				COPY_PHASE_STRIP = NO;
				DEBUG_INFORMATION_FORMAT = "dwarf-with-dsym";
				ENABLE_NS_ASSERTIONS = NO;
				ENABLE_STRICT_OBJC_MSGSEND = YES;
				GCC_C_LANGUAGE_STANDARD = gnu11;
				GCC_NO_COMMON_BLOCKS = YES;
				GCC_WARN_64_TO_32_BIT_CONVERSION = YES;
				GCC_WARN_ABOUT_RETURN_TYPE = YES_ERROR;
				GCC_WARN_UNDECLARED_SELECTOR = YES;
				GCC_WARN_UNINITIALIZED_AUTOS = YES_AGGRESSIVE;
				GCC_WARN_UNUSED_FUNCTION = YES;
				GCC_WARN_UNUSED_VARIABLE = YES;
				IPHONEOS_DEPLOYMENT_TARGET = 14.0;
				MTL_ENABLE_DEBUG_INFO = NO;
				MTL_FAST_MATH = YES;
				SDKROOT = iphoneos;
				SWIFT_COMPILATION_MODE = wholemodule;
				SWIFT_OPTIMIZATION_LEVEL = "-O";
				VALIDATE_PRODUCT = YES;
			};
			name = Release;
		};
		FA108BA52533F339006121F1 /* Debug */ = {
			isa = XCBuildConfiguration;
			buildSettings = {
				ASSETCATALOG_COMPILER_APPICON_NAME = AppIcon;
				ASSETCATALOG_COMPILER_GLOBAL_ACCENT_COLOR_NAME = AccentColor;
				CODE_SIGN_STYLE = Automatic;
				DEVELOPMENT_ASSET_PATHS = "\"SUIToDo/Preview Content\"";
				DEVELOPMENT_TEAM = KNBYWGK7M7;
				ENABLE_PREVIEWS = YES;
				INFOPLIST_FILE = SUIToDo/Info.plist;
				IPHONEOS_DEPLOYMENT_TARGET = 14.0;
				LD_RUNPATH_SEARCH_PATHS = (
					"$(inherited)",
					"@executable_path/Frameworks",
				);
				PRODUCT_BUNDLE_IDENTIFIER = fmo.SUIToDo;
				PRODUCT_NAME = "$(TARGET_NAME)";
				SWIFT_VERSION = 5.0;
				TARGETED_DEVICE_FAMILY = "1,2";
			};
			name = Debug;
		};
		FA108BA62533F339006121F1 /* Release */ = {
			isa = XCBuildConfiguration;
			buildSettings = {
				ASSETCATALOG_COMPILER_APPICON_NAME = AppIcon;
				ASSETCATALOG_COMPILER_GLOBAL_ACCENT_COLOR_NAME = AccentColor;
				CODE_SIGN_STYLE = Automatic;
				DEVELOPMENT_ASSET_PATHS = "\"SUIToDo/Preview Content\"";
				DEVELOPMENT_TEAM = KNBYWGK7M7;
				ENABLE_PREVIEWS = YES;
				INFOPLIST_FILE = SUIToDo/Info.plist;
				IPHONEOS_DEPLOYMENT_TARGET = 14.0;
				LD_RUNPATH_SEARCH_PATHS = (
					"$(inherited)",
					"@executable_path/Frameworks",
				);
				PRODUCT_BUNDLE_IDENTIFIER = fmo.SUIToDo;
				PRODUCT_NAME = "$(TARGET_NAME)";
				SWIFT_VERSION = 5.0;
				TARGETED_DEVICE_FAMILY = "1,2";
			};
			name = Release;
		};
		FA108BA82533F339006121F1 /* Debug */ = {
			isa = XCBuildConfiguration;
			buildSettings = {
				ALWAYS_EMBED_SWIFT_STANDARD_LIBRARIES = YES;
				BUNDLE_LOADER = "$(TEST_HOST)";
				CODE_SIGN_STYLE = Automatic;
				DEVELOPMENT_TEAM = KNBYWGK7M7;
				INFOPLIST_FILE = SUIToDoTests/Info.plist;
				IPHONEOS_DEPLOYMENT_TARGET = 14.0;
				LD_RUNPATH_SEARCH_PATHS = (
					"$(inherited)",
					"@executable_path/Frameworks",
					"@loader_path/Frameworks",
				);
				PRODUCT_BUNDLE_IDENTIFIER = fmo.SUIToDoTests;
				PRODUCT_NAME = "$(TARGET_NAME)";
				SWIFT_VERSION = 5.0;
				TARGETED_DEVICE_FAMILY = "1,2";
				TEST_HOST = "$(BUILT_PRODUCTS_DIR)/SUIToDo.app/SUIToDo";
			};
			name = Debug;
		};
		FA108BA92533F339006121F1 /* Release */ = {
			isa = XCBuildConfiguration;
			buildSettings = {
				ALWAYS_EMBED_SWIFT_STANDARD_LIBRARIES = YES;
				BUNDLE_LOADER = "$(TEST_HOST)";
				CODE_SIGN_STYLE = Automatic;
				DEVELOPMENT_TEAM = KNBYWGK7M7;
				INFOPLIST_FILE = SUIToDoTests/Info.plist;
				IPHONEOS_DEPLOYMENT_TARGET = 14.0;
				LD_RUNPATH_SEARCH_PATHS = (
					"$(inherited)",
					"@executable_path/Frameworks",
					"@loader_path/Frameworks",
				);
				PRODUCT_BUNDLE_IDENTIFIER = fmo.SUIToDoTests;
				PRODUCT_NAME = "$(TARGET_NAME)";
				SWIFT_VERSION = 5.0;
				TARGETED_DEVICE_FAMILY = "1,2";
				TEST_HOST = "$(BUILT_PRODUCTS_DIR)/SUIToDo.app/SUIToDo";
			};
			name = Release;
		};
		FA108BAB2533F339006121F1 /* Debug */ = {
			isa = XCBuildConfiguration;
			buildSettings = {
				ALWAYS_EMBED_SWIFT_STANDARD_LIBRARIES = YES;
				CODE_SIGN_STYLE = Automatic;
				DEVELOPMENT_TEAM = KNBYWGK7M7;
				INFOPLIST_FILE = SUIToDoUITests/Info.plist;
				LD_RUNPATH_SEARCH_PATHS = (
					"$(inherited)",
					"@executable_path/Frameworks",
					"@loader_path/Frameworks",
				);
				PRODUCT_BUNDLE_IDENTIFIER = fmo.SUIToDoUITests;
				PRODUCT_NAME = "$(TARGET_NAME)";
				SWIFT_VERSION = 5.0;
				TARGETED_DEVICE_FAMILY = "1,2";
				TEST_TARGET_NAME = SUIToDo;
			};
			name = Debug;
		};
		FA108BAC2533F339006121F1 /* Release */ = {
			isa = XCBuildConfiguration;
			buildSettings = {
				ALWAYS_EMBED_SWIFT_STANDARD_LIBRARIES = YES;
				CODE_SIGN_STYLE = Automatic;
				DEVELOPMENT_TEAM = KNBYWGK7M7;
				INFOPLIST_FILE = SUIToDoUITests/Info.plist;
				LD_RUNPATH_SEARCH_PATHS = (
					"$(inherited)",
					"@executable_path/Frameworks",
					"@loader_path/Frameworks",
				);
				PRODUCT_BUNDLE_IDENTIFIER = fmo.SUIToDoUITests;
				PRODUCT_NAME = "$(TARGET_NAME)";
				SWIFT_VERSION = 5.0;
				TARGETED_DEVICE_FAMILY = "1,2";
				TEST_TARGET_NAME = SUIToDo;
			};
			name = Release;
		};
/* End XCBuildConfiguration section */

/* Begin XCConfigurationList section */
		FA108B7A2533F336006121F1 /* Build configuration list for PBXProject "SUIToDo" */ = {
			isa = XCConfigurationList;
			buildConfigurations = (
				FA108BA22533F339006121F1 /* Debug */,
				FA108BA32533F339006121F1 /* Release */,
			);
			defaultConfigurationIsVisible = 0;
			defaultConfigurationName = Release;
		};
		FA108BA42533F339006121F1 /* Build configuration list for PBXNativeTarget "SUIToDo" */ = {
			isa = XCConfigurationList;
			buildConfigurations = (
				FA108BA52533F339006121F1 /* Debug */,
				FA108BA62533F339006121F1 /* Release */,
			);
			defaultConfigurationIsVisible = 0;
			defaultConfigurationName = Release;
		};
		FA108BA72533F339006121F1 /* Build configuration list for PBXNativeTarget "SUIToDoTests" */ = {
			isa = XCConfigurationList;
			buildConfigurations = (
				FA108BA82533F339006121F1 /* Debug */,
				FA108BA92533F339006121F1 /* Release */,
			);
			defaultConfigurationIsVisible = 0;
			defaultConfigurationName = Release;
		};
		FA108BAA2533F339006121F1 /* Build configuration list for PBXNativeTarget "SUIToDoUITests" */ = {
			isa = XCConfigurationList;
			buildConfigurations = (
				FA108BAB2533F339006121F1 /* Debug */,
				FA108BAC2533F339006121F1 /* Release */,
			);
			defaultConfigurationIsVisible = 0;
			defaultConfigurationName = Release;
		};
/* End XCConfigurationList section */

/* Begin XCRemoteSwiftPackageReference section */
		FA108BDD2533F534006121F1 /* XCRemoteSwiftPackageReference "Quick" */ = {
			isa = XCRemoteSwiftPackageReference;
			repositoryURL = "https://github.com/Quick/Quick.git";
			requirement = {
				kind = upToNextMajorVersion;
				minimumVersion = 3.0.0;
			};
		};
		FA108BE92533F6E0006121F1 /* XCRemoteSwiftPackageReference "Nimble" */ = {
			isa = XCRemoteSwiftPackageReference;
			repositoryURL = "https://github.com/Quick/Nimble.git";
			requirement = {
				kind = upToNextMajorVersion;
				minimumVersion = 9.0.0;
			};
		};
/* End XCRemoteSwiftPackageReference section */

/* Begin XCSwiftPackageProductDependency section */
		FA108BDE2533F534006121F1 /* Quick */ = {
			isa = XCSwiftPackageProductDependency;
			package = FA108BDD2533F534006121F1 /* XCRemoteSwiftPackageReference "Quick" */;
			productName = Quick;
		};
		FA108BEA2533F6E0006121F1 /* Nimble */ = {
			isa = XCSwiftPackageProductDependency;
			package = FA108BE92533F6E0006121F1 /* XCRemoteSwiftPackageReference "Nimble" */;
			productName = Nimble;
		};
/* End XCSwiftPackageProductDependency section */
	};
	rootObject = FA108B772533F336006121F1 /* Project object */;
}
